
Microsoft Visual Studio Solution File, Format Version 12.00
# Visual Studio Version 17
VisualStudioVersion = 17.7.34221.43
MinimumVisualStudioVersion = 10.0.40219.1
Project("{9A19103F-16F7-4668-BE54-9A1E7A4F7556}") = "Lab1", "Lab1\Lab1.csproj", "{FE869FC5-FD05-446B-9A50-090C2B384515}"
EndProject
Project("{9A19103F-16F7-4668-BE54-9A1E7A4F7556}") = "Lab2", "Lab2\Lab2.csproj", "{33956F68-4E56-4F9B-BAFA-EA4D2FD5CB72}"
EndProject
Project("{9A19103F-16F7-4668-BE54-9A1E7A4F7556}") = "Lab3", "Lab3\Lab3.csproj", "{A1490C7D-3485-4726-91EA-E63DC11588B8}"
EndProject
Project("{9A19103F-16F7-4668-BE54-9A1E7A4F7556}") = "Lab4_App_Reservation", "Lab4_App_Reservation\Lab4_App_Reservation.csproj", "{13A7D588-5D3D-4F1A-AB9C-79050CA2FD26}"
EndProject
Project("{9A19103F-16F7-4668-BE54-9A1E7A4F7556}") = "Data", "Data\Data.csproj", "{3AFD818F-4BAD-42AA-B100-0A21B942E39A}"
EndProject
Project("{FAE04EC0-301F-11D3-BF4B-00C04F79EFBC}") = "Testy", "Testy\Testy.csproj", "{FA443901-0435-4748-B67E-1B0C6A4618F7}"
EndProject
Global
	GlobalSection(SolutionConfigurationPlatforms) = preSolution
		Debug|Any CPU = Debug|Any CPU
		Release|Any CPU = Release|Any CPU
	EndGlobalSection
	GlobalSection(ProjectConfigurationPlatforms) = postSolution
		{FE869FC5-FD05-446B-9A50-090C2B384515}.Debug|Any CPU.ActiveCfg = Debug|Any CPU
		{FE869FC5-FD05-446B-9A50-090C2B384515}.Debug|Any CPU.Build.0 = Debug|Any CPU
		{FE869FC5-FD05-446B-9A50-090C2B384515}.Release|Any CPU.ActiveCfg = Release|Any CPU
		{FE869FC5-FD05-446B-9A50-090C2B384515}.Release|Any CPU.Build.0 = Release|Any CPU
		{33956F68-4E56-4F9B-BAFA-EA4D2FD5CB72}.Debug|Any CPU.ActiveCfg = Debug|Any CPU
		{33956F68-4E56-4F9B-BAFA-EA4D2FD5CB72}.Debug|Any CPU.Build.0 = Debug|Any CPU
		{33956F68-4E56-4F9B-BAFA-EA4D2FD5CB72}.Release|Any CPU.ActiveCfg = Release|Any CPU
		{33956F68-4E56-4F9B-BAFA-EA4D2FD5CB72}.Release|Any CPU.Build.0 = Release|Any CPU
		{A1490C7D-3485-4726-91EA-E63DC11588B8}.Debug|Any CPU.ActiveCfg = Debug|Any CPU
		{A1490C7D-3485-4726-91EA-E63DC11588B8}.Debug|Any CPU.Build.0 = Debug|Any CPU
		{A1490C7D-3485-4726-91EA-E63DC11588B8}.Release|Any CPU.ActiveCfg = Release|Any CPU
		{A1490C7D-3485-4726-91EA-E63DC11588B8}.Release|Any CPU.Build.0 = Release|Any CPU
		{13A7D588-5D3D-4F1A-AB9C-79050CA2FD26}.Debug|Any CPU.ActiveCfg = Debug|Any CPU
		{13A7D588-5D3D-4F1A-AB9C-79050CA2FD26}.Debug|Any CPU.Build.0 = Debug|Any CPU
		{13A7D588-5D3D-4F1A-AB9C-79050CA2FD26}.Release|Any CPU.ActiveCfg = Release|Any CPU
		{13A7D588-5D3D-4F1A-AB9C-79050CA2FD26}.Release|Any CPU.Build.0 = Release|Any CPU
		{3AFD818F-4BAD-42AA-B100-0A21B942E39A}.Debug|Any CPU.ActiveCfg = Debug|Any CPU
		{3AFD818F-4BAD-42AA-B100-0A21B942E39A}.Debug|Any CPU.Build.0 = Debug|Any CPU
		{3AFD818F-4BAD-42AA-B100-0A21B942E39A}.Release|Any CPU.ActiveCfg = Release|Any CPU
		{3AFD818F-4BAD-42AA-B100-0A21B942E39A}.Release|Any CPU.Build.0 = Release|Any CPU
		{FA443901-0435-4748-B67E-1B0C6A4618F7}.Debug|Any CPU.ActiveCfg = Debug|Any CPU
		{FA443901-0435-4748-B67E-1B0C6A4618F7}.Debug|Any CPU.Build.0 = Debug|Any CPU
		{FA443901-0435-4748-B67E-1B0C6A4618F7}.Release|Any CPU.ActiveCfg = Release|Any CPU
		{FA443901-0435-4748-B67E-1B0C6A4618F7}.Release|Any CPU.Build.0 = Release|Any CPU
	EndGlobalSection
	GlobalSection(SolutionProperties) = preSolution
		HideSolutionNode = FALSE
	EndGlobalSection
	GlobalSection(ExtensibilityGlobals) = postSolution
		SolutionGuid = {30E1978F-006D-46AA-9AD3-52A1639BFE0C}
	EndGlobalSection
EndGlobal
